
Microsoft Visual Studio Solution File, Format Version 12.00
# Visual Studio 15
VisualStudioVersion = 15.0.28010.2016
MinimumVisualStudioVersion = 10.0.40219.1
Project("{FAE04EC0-301F-11D3-BF4B-00C04F79EFBC}") = "Scenario 3-2", "Scenario 3-2\Scenario 3-2.csproj", "{7DE02452-6057-41E3-A423-07E8A2C02E28}"
EndProject
Global
	GlobalSection(SolutionConfigurationPlatforms) = preSolution
		Debug|Any CPU = Debug|Any CPU
		Release|Any CPU = Release|Any CPU
	EndGlobalSection
	GlobalSection(ProjectConfigurationPlatforms) = postSolution
		{7DE02452-6057-41E3-A423-07E8A2C02E28}.Debug|Any CPU.ActiveCfg = Debug|Any CPU
		{7DE02452-6057-41E3-A423-07E8A2C02E28}.Debug|Any CPU.Build.0 = Debug|Any CPU
		{7DE02452-6057-41E3-A423-07E8A2C02E28}.Release|Any CPU.ActiveCfg = Release|Any CPU
		{7DE02452-6057-41E3-A423-07E8A2C02E28}.Release|Any CPU.Build.0 = Release|Any CPU
	EndGlobalSection
	GlobalSection(SolutionProperties) = preSolution
		HideSolutionNode = FALSE
	EndGlobalSection
	GlobalSection(ExtensibilityGlobals) = postSolution
		SolutionGuid = {B0008A8C-4173-40AE-AAE8-3A6273FF2234}
	EndGlobalSection
EndGlobal
